// !$*UTF8*$!
{
	archiveVersion = 1;
	classes = {
	};
	objectVersion = 50;
	objects = {

/* Begin PBXBuildFile section */
		16233774264B5F9000B8C258 /* AppDelegate.swift in Sources */ = {isa = PBXBuildFile; fileRef = 16233773264B5F9000B8C258 /* AppDelegate.swift */; };
		16233776264B5F9000B8C258 /* SceneDelegate.swift in Sources */ = {isa = PBXBuildFile; fileRef = 16233775264B5F9000B8C258 /* SceneDelegate.swift */; };
		16233778264B5F9000B8C258 /* ContentView.swift in Sources */ = {isa = PBXBuildFile; fileRef = 16233777264B5F9000B8C258 /* ContentView.swift */; };
		1623377A264B5F9100B8C258 /* Assets.xcassets in Resources */ = {isa = PBXBuildFile; fileRef = 16233779264B5F9100B8C258 /* Assets.xcassets */; };
		1623377D264B5F9100B8C258 /* Preview Assets.xcassets in Resources */ = {isa = PBXBuildFile; fileRef = 1623377C264B5F9100B8C258 /* Preview Assets.xcassets */; };
		16233780264B5F9100B8C258 /* LaunchScreen.storyboard in Resources */ = {isa = PBXBuildFile; fileRef = 1623377E264B5F9100B8C258 /* LaunchScreen.storyboard */; };
		1623378C264B5FDC00B8C258 /* InfoView.swift in Sources */ = {isa = PBXBuildFile; fileRef = 16233789264B5FDC00B8C258 /* InfoView.swift */; };
		1623378D264B5FDC00B8C258 /* Pacifico-Regular.ttf in Resources */ = {isa = PBXBuildFile; fileRef = 1623378B264B5FDC00B8C258 /* Pacifico-Regular.ttf */; };
/* End PBXBuildFile section */

/* Begin PBXFileReference section */
		16233770264B5F9000B8C258 /* MiCard.app */ = {isa = PBXFileReference; explicitFileType = wrapper.application; includeInIndex = 0; path = MiCard.app; sourceTree = BUILT_PRODUCTS_DIR; };
		16233773264B5F9000B8C258 /* AppDelegate.swift */ = {isa = PBXFileReference; lastKnownFileType = sourcecode.swift; path = AppDelegate.swift; sourceTree = "<group>"; };
		16233775264B5F9000B8C258 /* SceneDelegate.swift */ = {isa = PBXFileReference; lastKnownFileType = sourcecode.swift; path = SceneDelegate.swift; sourceTree = "<group>"; };
		16233777264B5F9000B8C258 /* ContentView.swift */ = {isa = PBXFileReference; lastKnownFileType = sourcecode.swift; path = ContentView.swift; sourceTree = "<group>"; };
		16233779264B5F9100B8C258 /* Assets.xcassets */ = {isa = PBXFileReference; lastKnownFileType = folder.assetcatalog; path = Assets.xcassets; sourceTree = "<group>"; };
		1623377C264B5F9100B8C258 /* Preview Assets.xcassets */ = {isa = PBXFileReference; lastKnownFileType = folder.assetcatalog; path = "Preview Assets.xcassets"; sourceTree = "<group>"; };
		1623377F264B5F9100B8C258 /* Base */ = {isa = PBXFileReference; lastKnownFileType = file.storyboard; name = Base; path = Base.lproj/LaunchScreen.storyboard; sourceTree = "<group>"; };
		16233781264B5F9100B8C258 /* Info.plist */ = {isa = PBXFileReference; lastKnownFileType = text.plist.xml; path = Info.plist; sourceTree = "<group>"; };
		16233789264B5FDC00B8C258 /* InfoView.swift */ = {isa = PBXFileReference; fileEncoding = 4; lastKnownFileType = sourcecode.swift; path = InfoView.swift; sourceTree = "<group>"; };
		1623378B264B5FDC00B8C258 /* Pacifico-Regular.ttf */ = {isa = PBXFileReference; lastKnownFileType = file; path = "Pacifico-Regular.ttf"; sourceTree = "<group>"; };
/* End PBXFileReference section */

/* Begin PBXFrameworksBuildPhase section */
		1623376D264B5F9000B8C258 /* Frameworks */ = {
			isa = PBXFrameworksBuildPhase;
			buildActionMask = 2147483647;
			files = (
			);
			runOnlyForDeploymentPostprocessing = 0;
		};
/* End PBXFrameworksBuildPhase section */

/* Begin PBXGroup section */
		16233767264B5F9000B8C258 = {
			isa = PBXGroup;
			children = (
				16233772264B5F9000B8C258 /* MiCard */,
				16233771264B5F9000B8C258 /* Products */,
			);
			sourceTree = "<group>";
		};
		16233771264B5F9000B8C258 /* Products */ = {
			isa = PBXGroup;
			children = (
				16233770264B5F9000B8C258 /* MiCard.app */,
			);
			name = Products;
			sourceTree = "<group>";
		};
		16233772264B5F9000B8C258 /* MiCard */ = {
			isa = PBXGroup;
			children = (
				1623378A264B5FDC00B8C258 /* fonts */,
				16233789264B5FDC00B8C258 /* InfoView.swift */,
				16233773264B5F9000B8C258 /* AppDelegate.swift */,
				16233775264B5F9000B8C258 /* SceneDelegate.swift */,
				16233777264B5F9000B8C258 /* ContentView.swift */,
				16233779264B5F9100B8C258 /* Assets.xcassets */,
				1623377E264B5F9100B8C258 /* LaunchScreen.storyboard */,
				16233781264B5F9100B8C258 /* Info.plist */,
				1623377B264B5F9100B8C258 /* Preview Content */,
			);
			path = MiCard;
			sourceTree = "<group>";
		};
		1623377B264B5F9100B8C258 /* Preview Content */ = {
			isa = PBXGroup;
			children = (
				1623377C264B5F9100B8C258 /* Preview Assets.xcassets */,
			);
			path = "Preview Content";
			sourceTree = "<group>";
		};
		1623378A264B5FDC00B8C258 /* fonts */ = {
			isa = PBXGroup;
			children = (
				1623378B264B5FDC00B8C258 /* Pacifico-Regular.ttf */,
			);
			path = fonts;
			sourceTree = "<group>";
		};
/* End PBXGroup section */

/* Begin PBXNativeTarget section */
		1623376F264B5F9000B8C258 /* MiCard */ = {
			isa = PBXNativeTarget;
			buildConfigurationList = 16233784264B5F9100B8C258 /* Build configuration list for PBXNativeTarget "MiCard" */;
			buildPhases = (
				1623376C264B5F9000B8C258 /* Sources */,
				1623376D264B5F9000B8C258 /* Frameworks */,
				1623376E264B5F9000B8C258 /* Resources */,
			);
			buildRules = (
			);
			dependencies = (
			);
			name = MiCard;
			productName = MiCard;
			productReference = 16233770264B5F9000B8C258 /* MiCard.app */;
			productType = "com.apple.product-type.application";
		};
/* End PBXNativeTarget section */

/* Begin PBXProject section */
		16233768264B5F9000B8C258 /* Project object */ = {
			isa = PBXProject;
			attributes = {
				LastSwiftUpdateCheck = 1240;
				LastUpgradeCheck = 1240;
				TargetAttributes = {
					1623376F264B5F9000B8C258 = {
						CreatedOnToolsVersion = 12.4;
					};
				};
			};
			buildConfigurationList = 1623376B264B5F9000B8C258 /* Build configuration list for PBXProject "MiCard" */;
			compatibilityVersion = "Xcode 9.3";
			developmentRegion = en;
			hasScannedForEncodings = 0;
			knownRegions = (
				en,
				Base,
			);
			mainGroup = 16233767264B5F9000B8C258;
			productRefGroup = 16233771264B5F9000B8C258 /* Products */;
			projectDirPath = "";
			projectRoot = "";
			targets = (
				1623376F264B5F9000B8C258 /* MiCard */,
			);
		};
/* End PBXProject section */

/* Begin PBXResourcesBuildPhase section */
		1623376E264B5F9000B8C258 /* Resources */ = {
			isa = PBXResourcesBuildPhase;
			buildActionMask = 2147483647;
			files = (
				16233780264B5F9100B8C258 /* LaunchScreen.storyboard in Resources */,
				1623378D264B5FDC00B8C258 /* Pacifico-Regular.ttf in Resources */,
				1623377D264B5F9100B8C258 /* Preview Assets.xcassets in Resources */,
				1623377A264B5F9100B8C258 /* Assets.xcassets in Resources */,
			);
			runOnlyForDeploymentPostprocessing = 0;
		};
/* End PBXResourcesBuildPhase section */

/* Begin PBXSourcesBuildPhase section */
		1623376C264B5F9000B8C258 /* Sources */ = {
			isa = PBXSourcesBuildPhase;
			buildActionMask = 2147483647;
			files = (
				1623378C264B5FDC00B8C258 /* InfoView.swift in Sources */,
				16233774264B5F9000B8C258 /* AppDelegate.swift in Sources */,
				16233776264B5F9000B8C258 /* SceneDelegate.swift in Sources */,
				16233778264B5F9000B8C258 /* ContentView.swift in Sources */,
			);
			runOnlyForDeploymentPostprocessing = 0;
		};
/* End PBXSourcesBuildPhase section */

/* Begin PBXVariantGroup section */
		1623377E264B5F9100B8C258 /* LaunchScreen.storyboard */ = {
			isa = PBXVariantGroup;
			children = (
				1623377F264B5F9100B8C258 /* Base */,
			);
			name = LaunchScreen.storyboard;
			sourceTree = "<group>";
		};
/* End PBXVariantGroup section */

/* Begin XCBuildConfiguration section */
		16233782264B5F9100B8C258 /* Debug */ = {
			isa = XCBuildConfiguration;
			buildSettings = {
				ALWAYS_SEARCH_USER_PATHS = NO;
				CLANG_ANALYZER_NONNULL = YES;
				CLANG_ANALYZER_NUMBER_OBJECT_CONVERSION = YES_AGGRESSIVE;
				CLANG_CXX_LANGUAGE_STANDARD = "gnu++14";
				CLANG_CXX_LIBRARY = "libc++";
				CLANG_ENABLE_MODULES = YES;
				CLANG_ENABLE_OBJC_ARC = YES;
				CLANG_ENABLE_OBJC_WEAK = YES;
				CLANG_WARN_BLOCK_CAPTURE_AUTORELEASING = YES;
				CLANG_WARN_BOOL_CONVERSION = YES;
				CLANG_WARN_COMMA = YES;
				CLANG_WARN_CONSTANT_CONVERSION = YES;
				CLANG_WARN_DEPRECATED_OBJC_IMPLEMENTATIONS = YES;
				CLANG_WARN_DIRECT_OBJC_ISA_USAGE = YES_ERROR;
				CLANG_WARN_DOCUMENTATION_COMMENTS = YES;
				CLANG_WARN_EMPTY_BODY = YES;
				CLANG_WARN_ENUM_CONVERSION = YES;
				CLANG_WARN_INFINITE_RECURSION = YES;
				CLANG_WARN_INT_CONVERSION = YES;
				CLANG_WARN_NON_LITERAL_NULL_CONVERSION = YES;
				CLANG_WARN_OBJC_IMPLICIT_RETAIN_SELF = YES;
				CLANG_WARN_OBJC_LITERAL_CONVERSION = YES;
				CLANG_WARN_OBJC_ROOT_CLASS = YES_ERROR;
				CLANG_WARN_QUOTED_INCLUDE_IN_FRAMEWORK_HEADER = YES;
				CLANG_WARN_RANGE_LOOP_ANALYSIS = YES;
				CLANG_WARN_STRICT_PROTOTYPES = YES;
				CLANG_WARN_SUSPICIOUS_MOVE = YES;
				CLANG_WARN_UNGUARDED_AVAILABILITY = YES_AGGRESSIVE;
				CLANG_WARN_UNREACHABLE_CODE = YES;
				CLANG_WARN__DUPLICATE_METHOD_MATCH = YES;
				COPY_PHASE_STRIP = NO;
				DEBUG_INFORMATION_FORMAT = dwarf;
				ENABLE_STRICT_OBJC_MSGSEND = YES;
				ENABLE_TESTABILITY = YES;
				GCC_C_LANGUAGE_STANDARD = gnu11;
				GCC_DYNAMIC_NO_PIC = NO;
				GCC_NO_COMMON_BLOCKS = YES;
				GCC_OPTIMIZATION_LEVEL = 0;
				GCC_PREPROCESSOR_DEFINITIONS = (
					"DEBUG=1",
					"$(inherited)",
				);
				GCC_WARN_64_TO_32_BIT_CONVERSION = YES;
				GCC_WARN_ABOUT_RETURN_TYPE = YES_ERROR;
				GCC_WARN_UNDECLARED_SELECTOR = YES;
				GCC_WARN_UNINITIALIZED_AUTOS = YES_AGGRESSIVE;
				GCC_WARN_UNUSED_FUNCTION = YES;
				GCC_WARN_UNUSED_VARIABLE = YES;
				IPHONEOS_DEPLOYMENT_TARGET = 14.4;
				MTL_ENABLE_DEBUG_INFO = INCLUDE_SOURCE;
				MTL_FAST_MATH = YES;
				ONLY_ACTIVE_ARCH = YES;
				SDKROOT = iphoneos;
				SWIFT_ACTIVE_COMPILATION_CONDITIONS = DEBUG;
				SWIFT_OPTIMIZATION_LEVEL = "-Onone";
			};
			name = Debug;
		};
		16233783264B5F9100B8C258 /* Release */ = {
			isa = XCBuildConfiguration;
			buildSettings = {
				ALWAYS_SEARCH_USER_PATHS = NO;
				CLANG_ANALYZER_NONNULL = YES;
				CLANG_ANALYZER_NUMBER_OBJECT_CONVERSION = YES_AGGRESSIVE;
				CLANG_CXX_LANGUAGE_STANDARD = "gnu++14";
				CLANG_CXX_LIBRARY = "libc++";
				CLANG_ENABLE_MODULES = YES;
				CLANG_ENABLE_OBJC_ARC = YES;
				CLANG_ENABLE_OBJC_WEAK = YES;
				CLANG_WARN_BLOCK_CAPTURE_AUTORELEASING = YES;
				CLANG_WARN_BOOL_CONVERSION = YES;
				CLANG_WARN_COMMA = YES;
				CLANG_WARN_CONSTANT_CONVERSION = YES;
				CLANG_WARN_DEPRECATED_OBJC_IMPLEMENTATIONS = YES;
				CLANG_WARN_DIRECT_OBJC_ISA_USAGE = YES_ERROR;
				CLANG_WARN_DOCUMENTATION_COMMENTS = YES;
				CLANG_WARN_EMPTY_BODY = YES;
				CLANG_WARN_ENUM_CONVERSION = YES;
				CLANG_WARN_INFINITE_RECURSION = YES;
				CLANG_WARN_INT_CONVERSION = YES;
				CLANG_WARN_NON_LITERAL_NULL_CONVERSION = YES;
				CLANG_WARN_OBJC_IMPLICIT_RETAIN_SELF = YES;
				CLANG_WARN_OBJC_LITERAL_CONVERSION = YES;
				CLANG_WARN_OBJC_ROOT_CLASS = YES_ERROR;
				CLANG_WARN_QUOTED_INCLUDE_IN_FRAMEWORK_HEADER = YES;
				CLANG_WARN_RANGE_LOOP_ANALYSIS = YES;
				CLANG_WARN_STRICT_PROTOTYPES = YES;
				CLANG_WARN_SUSPICIOUS_MOVE = YES;
				CLANG_WARN_UNGUARDED_AVAILABILITY = YES_AGGRESSIVE;
				CLANG_WARN_UNREACHABLE_CODE = YES;
				CLANG_WARN__DUPLICATE_METHOD_MATCH = YES;
				COPY_PHASE_STRIP = NO;
				DEBUG_INFORMATION_FORMAT = "dwarf-with-dsym";
				ENABLE_NS_ASSERTIONS = NO;
				ENABLE_STRICT_OBJC_MSGSEND = YES;
				GCC_C_LANGUAGE_STANDARD = gnu11;
				GCC_NO_COMMON_BLOCKS = YES;
				GCC_WARN_64_TO_32_BIT_CONVERSION = YES;
				GCC_WARN_ABOUT_RETURN_TYPE = YES_ERROR;
				GCC_WARN_UNDECLARED_SELECTOR = YES;
				GCC_WARN_UNINITIALIZED_AUTOS = YES_AGGRESSIVE;
				GCC_WARN_UNUSED_FUNCTION = YES;
				GCC_WARN_UNUSED_VARIABLE = YES;
				IPHONEOS_DEPLOYMENT_TARGET = 14.4;
				MTL_ENABLE_DEBUG_INFO = NO;
				MTL_FAST_MATH = YES;
				SDKROOT = iphoneos;
				SWIFT_COMPILATION_MODE = wholemodule;
				SWIFT_OPTIMIZATION_LEVEL = "-O";
				VALIDATE_PRODUCT = YES;
			};
			name = Release;
		};
		16233785264B5F9100B8C258 /* Debug */ = {
			isa = XCBuildConfiguration;
			buildSettings = {
				ASSETCATALOG_COMPILER_APPICON_NAME = AppIcon;
				ASSETCATALOG_COMPILER_GLOBAL_ACCENT_COLOR_NAME = AccentColor;
				CODE_SIGN_STYLE = Automatic;
				DEVELOPMENT_ASSET_PATHS = "\"MiCard/Preview Content\"";
				ENABLE_PREVIEWS = YES;
				INFOPLIST_FILE = MiCard/Info.plist;
				LD_RUNPATH_SEARCH_PATHS = (
					"$(inherited)",
					"@executable_path/Frameworks",
				);
				PRODUCT_BUNDLE_IDENTIFIER = com.kirti.MiCard;
				PRODUCT_NAME = "$(TARGET_NAME)";
				SWIFT_VERSION = 5.0;
				TARGETED_DEVICE_FAMILY = "1,2";
			};
			name = Debug;
		};
		16233786264B5F9100B8C258 /* Release */ = {
			isa = XCBuildConfiguration;
			buildSettings = {
				ASSETCATALOG_COMPILER_APPICON_NAME = AppIcon;
				ASSETCATALOG_COMPILER_GLOBAL_ACCENT_COLOR_NAME = AccentColor;
				CODE_SIGN_STYLE = Automatic;
				DEVELOPMENT_ASSET_PATHS = "\"MiCard/Preview Content\"";
				ENABLE_PREVIEWS = YES;
				INFOPLIST_FILE = MiCard/Info.plist;
				LD_RUNPATH_SEARCH_PATHS = (
					"$(inherited)",
					"@executable_path/Frameworks",
				);
				PRODUCT_BUNDLE_IDENTIFIER = com.kirti.MiCard;
				PRODUCT_NAME = "$(TARGET_NAME)";
				SWIFT_VERSION = 5.0;
				TARGETED_DEVICE_FAMILY = "1,2";
			};
			name = Release;
		};
/* End XCBuildConfiguration section */

/* Begin XCConfigurationList section */
		1623376B264B5F9000B8C258 /* Build configuration list for PBXProject "MiCard" */ = {
			isa = XCConfigurationList;
			buildConfigurations = (
				16233782264B5F9100B8C258 /* Debug */,
				16233783264B5F9100B8C258 /* Release */,
			);
			defaultConfigurationIsVisible = 0;
			defaultConfigurationName = Release;
		};
		16233784264B5F9100B8C258 /* Build configuration list for PBXNativeTarget "MiCard" */ = {
			isa = XCConfigurationList;
			buildConfigurations = (
				16233785264B5F9100B8C258 /* Debug */,
				16233786264B5F9100B8C258 /* Release */,
			);
			defaultConfigurationIsVisible = 0;
			defaultConfigurationName = Release;
		};
/* End XCConfigurationList section */
	};
	rootObject = 16233768264B5F9000B8C258 /* Project object */;
}
